
Microsoft Visual Studio Solution File, Format Version 12.00
# Visual Studio Version 17
VisualStudioVersion = 17.5.002.0
MinimumVisualStudioVersion = 10.0.40219.1
Project("{9A19103F-16F7-4668-BE54-9A1E7A4F7556}") = "DemoCoreMvc", "DemoCoreMvc\DemoCoreMvc.csproj", "{AB556ABC-247C-4474-8A9F-57817663CAB1}"
EndProject
Global
	GlobalSection(SolutionConfigurationPlatforms) = preSolution
		Debug|Any CPU = Debug|Any CPU
		Release|Any CPU = Release|Any CPU
	EndGlobalSection
	GlobalSection(ProjectConfigurationPlatforms) = postSolution
		{AB556ABC-247C-4474-8A9F-57817663CAB1}.Debug|Any CPU.ActiveCfg = Debug|Any CPU
		{AB556ABC-247C-4474-8A9F-57817663CAB1}.Debug|Any CPU.Build.0 = Debug|Any CPU
		{AB556ABC-247C-4474-8A9F-57817663CAB1}.Release|Any CPU.ActiveCfg = Release|Any CPU
		{AB556ABC-247C-4474-8A9F-57817663CAB1}.Release|Any CPU.Build.0 = Release|Any CPU
	EndGlobalSection
	GlobalSection(SolutionProperties) = preSolution
		HideSolutionNode = FALSE
	EndGlobalSection
	GlobalSection(ExtensibilityGlobals) = postSolution
		SolutionGuid = {2A680352-3E60-4D0E-BBF6-3B0C02115D6D}
	EndGlobalSection
EndGlobal
